
Microsoft Visual Studio Solution File, Format Version 12.00
# Visual Studio Version 17
VisualStudioVersion = 17.0.31903.59
MinimumVisualStudioVersion = 10.0.40219.1
Project("{FAE04EC0-301F-11D3-BF4B-00C04F79EFBC}") = "BuberBreakfast.Contracts", "BuberBreakfast.Contracts\BuberBreakfast.Contracts.csproj", "{6726431A-98F6-43DD-AC82-4070C5A96CB5}"
EndProject
Project("{FAE04EC0-301F-11D3-BF4B-00C04F79EFBC}") = "BuberBreakfast", "BuberBreakfast\BuberBreakfast.csproj", "{A345ABE6-DE85-4285-9EE1-0D63A7CB13C2}"
EndProject
Global
	GlobalSection(SolutionConfigurationPlatforms) = preSolution
		Debug|Any CPU = Debug|Any CPU
		Release|Any CPU = Release|Any CPU
	EndGlobalSection
	GlobalSection(SolutionProperties) = preSolution
		HideSolutionNode = FALSE
	EndGlobalSection
	GlobalSection(ProjectConfigurationPlatforms) = postSolution
		{6726431A-98F6-43DD-AC82-4070C5A96CB5}.Debug|Any CPU.ActiveCfg = Debug|Any CPU
		{6726431A-98F6-43DD-AC82-4070C5A96CB5}.Debug|Any CPU.Build.0 = Debug|Any CPU
		{6726431A-98F6-43DD-AC82-4070C5A96CB5}.Release|Any CPU.ActiveCfg = Release|Any CPU
		{6726431A-98F6-43DD-AC82-4070C5A96CB5}.Release|Any CPU.Build.0 = Release|Any CPU
		{A345ABE6-DE85-4285-9EE1-0D63A7CB13C2}.Debug|Any CPU.ActiveCfg = Debug|Any CPU
		{A345ABE6-DE85-4285-9EE1-0D63A7CB13C2}.Debug|Any CPU.Build.0 = Debug|Any CPU
		{A345ABE6-DE85-4285-9EE1-0D63A7CB13C2}.Release|Any CPU.ActiveCfg = Release|Any CPU
		{A345ABE6-DE85-4285-9EE1-0D63A7CB13C2}.Release|Any CPU.Build.0 = Release|Any CPU
	EndGlobalSection
EndGlobal
